// !$*UTF8*$!
{
	archiveVersion = 1;
	classes = {
	};
	objectVersion = 70;
	objects = {

/* Begin PBXAggregateTarget section */
		314E65702F08183100A79975 /* GramSMC All */ = {
			isa = PBXAggregateTarget;
			buildConfigurationList = 314E65732F08183100A79975 /* Build configuration list for PBXAggregateTarget "GramSMC All" */;
			buildPhases = (
				314E657A2F08193000A79975 /* SSDT-Compiler */,
				314E657B2F08194000A79975 /* Final Folder */,
			);
			dependencies = (
				314E65792F08191300A79975 /* PBXTargetDependency */,
				314E65772F08190300A79975 /* PBXTargetDependency */,
				314E65752F0818FA00A79975 /* PBXTargetDependency */,
			);
			name = "GramSMC All";
			packageProductDependencies = (
			);
			productName = "GramSMC All";
		};
/* End PBXAggregateTarget section */

/* Begin PBXBuildFile section */
		4C17428122C85E6E00469B7E /* HIDUsageTables.h in Headers */ = {isa = PBXBuildFile; fileRef = 4C17428022C85E6E00469B7E /* HIDUsageTables.h */; };
		4C4FCB282326880C0010505E /* CoreServices.framework in Frameworks */ = {isa = PBXBuildFile; fileRef = 4C4FCB272326880C0010505E /* CoreServices.framework */; };
		4C4FCB2A232688390010505E /* AppKit.framework in Frameworks */ = {isa = PBXBuildFile; fileRef = 4C4FCB29232688390010505E /* AppKit.framework */; };
		4C4FE6252156A1690074AD08 /* GramSMC.hpp in Headers */ = {isa = PBXBuildFile; fileRef = 4C4FE6242156A1690074AD08 /* GramSMC.hpp */; };
		4C4FE6272156A1690074AD08 /* GramSMC.cpp in Sources */ = {isa = PBXBuildFile; fileRef = 4C4FE6262156A1690074AD08 /* GramSMC.cpp */; };
		4C4FE6A02156A3AD0074AD08 /* KernEventServer.cpp in Sources */ = {isa = PBXBuildFile; fileRef = 4C4FE69E2156A3AD0074AD08 /* KernEventServer.cpp */; };
		4C4FE6A12156A3AD0074AD08 /* KernEventServer.hpp in Headers */ = {isa = PBXBuildFile; fileRef = 4C4FE69F2156A3AD0074AD08 /* KernEventServer.hpp */; };
		4C4FE6A62156A4340074AD08 /* VirtualAppleKeyboard.cpp in Sources */ = {isa = PBXBuildFile; fileRef = 4C4FE6A32156A4340074AD08 /* VirtualAppleKeyboard.cpp */; };
		4C4FE6A72156A4340074AD08 /* VirtualAppleKeyboard.hpp in Headers */ = {isa = PBXBuildFile; fileRef = 4C4FE6A42156A4340074AD08 /* VirtualAppleKeyboard.hpp */; };
		4C4FE6A82156A4340074AD08 /* HIDReport.hpp in Headers */ = {isa = PBXBuildFile; fileRef = 4C4FE6A52156A4340074AD08 /* HIDReport.hpp */; };
		4C4FE6B62156A4A20074AD08 /* IOBluetooth.framework in Frameworks */ = {isa = PBXBuildFile; fileRef = 4C4FE6B52156A4A20074AD08 /* IOBluetooth.framework */; };
		4C4FE6B82156A4A70074AD08 /* CoreWLAN.framework in Frameworks */ = {isa = PBXBuildFile; fileRef = 4C4FE6B72156A4A70074AD08 /* CoreWLAN.framework */; };
		4C4FE6BD2156A4FB0074AD08 /* main.m in Sources */ = {isa = PBXBuildFile; fileRef = 4C4FE6BB2156A4FB0074AD08 /* main.m */; };
		4C4FE6C02156A5820074AD08 /* KeyImplementations.cpp in Sources */ = {isa = PBXBuildFile; fileRef = 4C4FE6BE2156A5820074AD08 /* KeyImplementations.cpp */; };
		4C4FE6C12156A5820074AD08 /* KeyImplementations.hpp in Headers */ = {isa = PBXBuildFile; fileRef = 4C4FE6BF2156A5820074AD08 /* KeyImplementations.hpp */; };
		4CC5A8C2244611E600AB526E /* com.bananz0.GramSMCDaemon.plist in CopyFiles */ = {isa = PBXBuildFile; fileRef = 4C4FE6BC2156A4FB0074AD08 /* com.bananz0.GramSMCDaemon.plist */; };
		4CC5A8C3244611EA00AB526E /* install_daemon.sh in CopyFiles */ = {isa = PBXBuildFile; fileRef = 4C32364A2159051A00700256 /* install_daemon.sh */; };
/* End PBXBuildFile section */

/* Begin PBXContainerItemProxy section */
		314E65742F0818FA00A79975 /* PBXContainerItemProxy */ = {
			isa = PBXContainerItemProxy;
			containerPortal = 4C4FE6182156A1690074AD08 /* Project object */;
			proxyType = 1;
			remoteGlobalIDString = 4C4FE6202156A1690074AD08;
			remoteInfo = GramSMC;
		};
		314E65762F08190300A79975 /* PBXContainerItemProxy */ = {
			isa = PBXContainerItemProxy;
			containerPortal = 4C4FE6182156A1690074AD08 /* Project object */;
			proxyType = 1;
			remoteGlobalIDString = 31C2B3702F06EC9000FC9E4C;
			remoteInfo = GramControlCenter;
		};
		314E65782F08191300A79975 /* PBXContainerItemProxy */ = {
			isa = PBXContainerItemProxy;
			containerPortal = 4C4FE6182156A1690074AD08 /* Project object */;
			proxyType = 1;
			remoteGlobalIDString = 4C4FE6AC2156A4730074AD08;
			remoteInfo = GramSMCDaemon;
		};
		4C8C666224460F2D00D694EB /* PBXContainerItemProxy */ = {
			isa = PBXContainerItemProxy;
			containerPortal = 4C4FE6182156A1690074AD08 /* Project object */;
			proxyType = 1;
			remoteGlobalIDString = 4C4FE6AC2156A4730074AD08;
			remoteInfo = GramSMCDaemon;
		};
/* End PBXContainerItemProxy section */

/* Begin PBXCopyFilesBuildPhase section */
		4C4FE6AB2156A4730074AD08 /* CopyFiles */ = {
			isa = PBXCopyFilesBuildPhase;
			buildActionMask = 12;
			dstPath = usr/share/man/man1;
			dstSubfolderSpec = 16;
			files = (
			);
			runOnlyForDeploymentPostprocessing = 0;
		};
		4CC5A8C1244611D300AB526E /* CopyFiles */ = {
			isa = PBXCopyFilesBuildPhase;
			buildActionMask = 2147483647;
			dstPath = "";
			dstSubfolderSpec = 16;
			files = (
				4CC5A8C2244611E600AB526E /* com.bananz0.GramSMCDaemon.plist in CopyFiles */,
				4CC5A8C3244611EA00AB526E /* install_daemon.sh in CopyFiles */,
			);
			runOnlyForDeploymentPostprocessing = 0;
		};
/* End PBXCopyFilesBuildPhase section */

/* Begin PBXFileReference section */
		31C2B3712F06EC9000FC9E4C /* GramControlCenter.app */ = {isa = PBXFileReference; explicitFileType = wrapper.application; includeInIndex = 0; path = GramControlCenter.app; sourceTree = BUILT_PRODUCTS_DIR; };
		4C17428022C85E6E00469B7E /* HIDUsageTables.h */ = {isa = PBXFileReference; lastKnownFileType = sourcecode.c.h; path = HIDUsageTables.h; sourceTree = "<group>"; };
		4C27D2BF218B647F0089409B /* LICENSE.md */ = {isa = PBXFileReference; lastKnownFileType = net.daringfireball.markdown; path = LICENSE.md; sourceTree = "<group>"; };
		4C32364A2159051A00700256 /* install_daemon.sh */ = {isa = PBXFileReference; lastKnownFileType = text.script.sh; path = install_daemon.sh; sourceTree = "<group>"; };
		4C4FCB272326880C0010505E /* CoreServices.framework */ = {isa = PBXFileReference; lastKnownFileType = wrapper.framework; name = CoreServices.framework; path = System/Library/Frameworks/CoreServices.framework; sourceTree = SDKROOT; };
		4C4FCB29232688390010505E /* AppKit.framework */ = {isa = PBXFileReference; lastKnownFileType = wrapper.framework; name = AppKit.framework; path = System/Library/Frameworks/AppKit.framework; sourceTree = SDKROOT; };
		4C4FE6212156A1690074AD08 /* GramSMC.kext */ = {isa = PBXFileReference; explicitFileType = wrapper.cfbundle; includeInIndex = 0; path = GramSMC.kext; sourceTree = BUILT_PRODUCTS_DIR; };
		4C4FE6242156A1690074AD08 /* GramSMC.hpp */ = {isa = PBXFileReference; lastKnownFileType = sourcecode.cpp.h; path = GramSMC.hpp; sourceTree = "<group>"; };
		4C4FE6262156A1690074AD08 /* GramSMC.cpp */ = {isa = PBXFileReference; lastKnownFileType = sourcecode.cpp.cpp; path = GramSMC.cpp; sourceTree = "<group>"; };
		4C4FE6282156A1690074AD08 /* Info.plist */ = {isa = PBXFileReference; lastKnownFileType = text.plist.xml; path = Info.plist; sourceTree = "<group>"; };
		4C4FE6672156A3610074AD08 /* kern_config.hpp */ = {isa = PBXFileReference; lastKnownFileType = sourcecode.cpp.h; path = kern_config.hpp; sourceTree = "<group>"; };
		4C4FE6682156A3610074AD08 /* kern_time.hpp */ = {isa = PBXFileReference; lastKnownFileType = sourcecode.cpp.h; path = kern_time.hpp; sourceTree = "<group>"; };
		4C4FE6692156A3610074AD08 /* kern_nvram.hpp */ = {isa = PBXFileReference; lastKnownFileType = sourcecode.cpp.h; path = kern_nvram.hpp; sourceTree = "<group>"; };
		4C4FE66A2156A3610074AD08 /* kern_cpu.hpp */ = {isa = PBXFileReference; lastKnownFileType = sourcecode.cpp.h; path = kern_cpu.hpp; sourceTree = "<group>"; };
		4C4FE66B2156A3610074AD08 /* kern_devinfo.hpp */ = {isa = PBXFileReference; lastKnownFileType = sourcecode.cpp.h; path = kern_devinfo.hpp; sourceTree = "<group>"; };
		4C4FE66C2156A3610074AD08 /* kern_efi.hpp */ = {isa = PBXFileReference; lastKnownFileType = sourcecode.cpp.h; path = kern_efi.hpp; sourceTree = "<group>"; };
		4C4FE66D2156A3610074AD08 /* kern_policy.hpp */ = {isa = PBXFileReference; lastKnownFileType = sourcecode.cpp.h; path = kern_policy.hpp; sourceTree = "<group>"; };
		4C4FE66E2156A3610074AD08 /* kern_user.hpp */ = {isa = PBXFileReference; lastKnownFileType = sourcecode.cpp.h; path = kern_user.hpp; sourceTree = "<group>"; };
		4C4FE66F2156A3610074AD08 /* plugin_start.hpp */ = {isa = PBXFileReference; lastKnownFileType = sourcecode.cpp.h; path = plugin_start.hpp; sourceTree = "<group>"; };
		4C4FE6702156A3610074AD08 /* kern_iokit.hpp */ = {isa = PBXFileReference; lastKnownFileType = sourcecode.cpp.h; path = kern_iokit.hpp; sourceTree = "<group>"; };
		4C4FE6712156A3610074AD08 /* kern_crypto.hpp */ = {isa = PBXFileReference; lastKnownFileType = sourcecode.cpp.h; path = kern_crypto.hpp; sourceTree = "<group>"; };
		4C4FE6722156A3610074AD08 /* kern_mach.hpp */ = {isa = PBXFileReference; lastKnownFileType = sourcecode.cpp.h; path = kern_mach.hpp; sourceTree = "<group>"; };
		4C4FE6732156A3610074AD08 /* kern_compression.hpp */ = {isa = PBXFileReference; lastKnownFileType = sourcecode.cpp.h; path = kern_compression.hpp; sourceTree = "<group>"; };
		4C4FE6742156A3610074AD08 /* kern_file.hpp */ = {isa = PBXFileReference; lastKnownFileType = sourcecode.cpp.h; path = kern_file.hpp; sourceTree = "<group>"; };
		4C4FE6752156A3610074AD08 /* kern_rtc.hpp */ = {isa = PBXFileReference; lastKnownFileType = sourcecode.cpp.h; path = kern_rtc.hpp; sourceTree = "<group>"; };
		4C4FE6762156A3610074AD08 /* kern_disasm.hpp */ = {isa = PBXFileReference; lastKnownFileType = sourcecode.cpp.h; path = kern_disasm.hpp; sourceTree = "<group>"; };
		4C4FE6782156A3610074AD08 /* capstone.h */ = {isa = PBXFileReference; lastKnownFileType = sourcecode.c.h; path = capstone.h; sourceTree = "<group>"; };
		4C4FE6792156A3610074AD08 /* mips.h */ = {isa = PBXFileReference; lastKnownFileType = sourcecode.c.h; path = mips.h; sourceTree = "<group>"; };
		4C4FE67A2156A3610074AD08 /* sparc.h */ = {isa = PBXFileReference; lastKnownFileType = sourcecode.c.h; path = sparc.h; sourceTree = "<group>"; };
		4C4FE67B2156A3610074AD08 /* systemz.h */ = {isa = PBXFileReference; lastKnownFileType = sourcecode.c.h; path = systemz.h; sourceTree = "<group>"; };
		4C4FE67C2156A3610074AD08 /* arm.h */ = {isa = PBXFileReference; lastKnownFileType = sourcecode.c.h; path = arm.h; sourceTree = "<group>"; };
		4C4FE67D2156A3610074AD08 /* x86.h */ = {isa = PBXFileReference; lastKnownFileType = sourcecode.c.h; path = x86.h; sourceTree = "<group>"; };
		4C4FE67E2156A3610074AD08 /* ppc.h */ = {isa = PBXFileReference; lastKnownFileType = sourcecode.c.h; path = ppc.h; sourceTree = "<group>"; };
		4C4FE67F2156A3610074AD08 /* arm64.h */ = {isa = PBXFileReference; lastKnownFileType = sourcecode.c.h; path = arm64.h; sourceTree = "<group>"; };
		4C4FE6802156A3610074AD08 /* xcore.h */ = {isa = PBXFileReference; lastKnownFileType = sourcecode.c.h; path = xcore.h; sourceTree = "<group>"; };
		4C4FE6812156A3610074AD08 /* platform.h */ = {isa = PBXFileReference; lastKnownFileType = sourcecode.c.h; path = platform.h; sourceTree = "<group>"; };
		4C4FE6822156A3610074AD08 /* kern_patcher.hpp */ = {isa = PBXFileReference; lastKnownFileType = sourcecode.cpp.h; path = kern_patcher.hpp; sourceTree = "<group>"; };
		4C4FE6852156A3610074AD08 /* kern_compat.hpp */ = {isa = PBXFileReference; lastKnownFileType = sourcecode.cpp.h; path = kern_compat.hpp; sourceTree = "<group>"; };
		4C4FE6862156A3610074AD08 /* kern_api.hpp */ = {isa = PBXFileReference; lastKnownFileType = sourcecode.cpp.h; path = kern_api.hpp; sourceTree = "<group>"; };
		4C4FE6872156A3610074AD08 /* kern_util.hpp */ = {isa = PBXFileReference; lastKnownFileType = sourcecode.cpp.h; path = kern_util.hpp; sourceTree = "<group>"; };
		4C4FE68B2156A3610074AD08 /* entry64.S */ = {isa = PBXFileReference; lastKnownFileType = sourcecode.asm; path = entry64.S; sourceTree = "<group>"; };
		4C4FE68C2156A3620074AD08 /* build.tool */ = {isa = PBXFileReference; lastKnownFileType = text.script.sh; path = build.tool; sourceTree = "<group>"; };
		4C4FE68D2156A3620074AD08 /* entry32.S */ = {isa = PBXFileReference; lastKnownFileType = sourcecode.asm; path = entry32.S; sourceTree = "<group>"; };
		4C4FE68E2156A3620074AD08 /* wrappers.inc */ = {isa = PBXFileReference; lastKnownFileType = sourcecode.pascal; path = wrappers.inc; sourceTree = "<group>"; };
		4C4FE6932156A3620074AD08 /* plugin_start.cpp */ = {isa = PBXFileReference; lastKnownFileType = sourcecode.cpp.cpp; path = plugin_start.cpp; sourceTree = "<group>"; };
		4C4FE6962156A3700074AD08 /* kern_smcinfo.hpp */ = {isa = PBXFileReference; lastKnownFileType = sourcecode.cpp.h; path = kern_smcinfo.hpp; sourceTree = "<group>"; };
		4C4FE6972156A3700074AD08 /* kern_vsmcapi.hpp */ = {isa = PBXFileReference; lastKnownFileType = sourcecode.cpp.h; path = kern_vsmcapi.hpp; sourceTree = "<group>"; };
		4C4FE6982156A3700074AD08 /* AppleSmc.h */ = {isa = PBXFileReference; lastKnownFileType = sourcecode.c.h; path = AppleSmc.h; sourceTree = "<group>"; };
		4C4FE6992156A3700074AD08 /* kern_keyvalue.hpp */ = {isa = PBXFileReference; lastKnownFileType = sourcecode.cpp.h; path = kern_keyvalue.hpp; sourceTree = "<group>"; };
		4C4FE69A2156A3700074AD08 /* kern_value.hpp */ = {isa = PBXFileReference; lastKnownFileType = sourcecode.cpp.h; path = kern_value.hpp; sourceTree = "<group>"; };
		4C4FE69C2156A3700074AD08 /* AppleSmcBridge.hpp */ = {isa = PBXFileReference; lastKnownFileType = sourcecode.cpp.h; path = AppleSmcBridge.hpp; sourceTree = "<group>"; };
		4C4FE69E2156A3AD0074AD08 /* KernEventServer.cpp */ = {isa = PBXFileReference; lastKnownFileType = sourcecode.cpp.cpp; path = KernEventServer.cpp; sourceTree = "<group>"; };
		4C4FE69F2156A3AD0074AD08 /* KernEventServer.hpp */ = {isa = PBXFileReference; lastKnownFileType = sourcecode.cpp.h; path = KernEventServer.hpp; sourceTree = "<group>"; };
		4C4FE6A32156A4340074AD08 /* VirtualAppleKeyboard.cpp */ = {isa = PBXFileReference; fileEncoding = 4; lastKnownFileType = sourcecode.cpp.cpp; path = VirtualAppleKeyboard.cpp; sourceTree = "<group>"; };
		4C4FE6A42156A4340074AD08 /* VirtualAppleKeyboard.hpp */ = {isa = PBXFileReference; fileEncoding = 4; lastKnownFileType = sourcecode.cpp.h; path = VirtualAppleKeyboard.hpp; sourceTree = "<group>"; };
		4C4FE6A52156A4340074AD08 /* HIDReport.hpp */ = {isa = PBXFileReference; fileEncoding = 4; lastKnownFileType = sourcecode.cpp.h; path = HIDReport.hpp; sourceTree = "<group>"; };
		4C4FE6AD2156A4730074AD08 /* GramSMCDaemon */ = {isa = PBXFileReference; explicitFileType = "compiled.mach-o.executable"; includeInIndex = 0; path = GramSMCDaemon; sourceTree = BUILT_PRODUCTS_DIR; };
		4C4FE6B52156A4A20074AD08 /* IOBluetooth.framework */ = {isa = PBXFileReference; lastKnownFileType = wrapper.framework; name = IOBluetooth.framework; path = System/Library/Frameworks/IOBluetooth.framework; sourceTree = SDKROOT; };
		4C4FE6B72156A4A70074AD08 /* CoreWLAN.framework */ = {isa = PBXFileReference; lastKnownFileType = wrapper.framework; name = CoreWLAN.framework; path = System/Library/Frameworks/CoreWLAN.framework; sourceTree = SDKROOT; };
		4C4FE6B92156A4FB0074AD08 /* OSD.h */ = {isa = PBXFileReference; fileEncoding = 4; lastKnownFileType = sourcecode.c.h; path = OSD.h; sourceTree = "<group>"; };
		4C4FE6BA2156A4FB0074AD08 /* BezelServices.h */ = {isa = PBXFileReference; fileEncoding = 4; lastKnownFileType = sourcecode.c.h; path = BezelServices.h; sourceTree = "<group>"; };
		4C4FE6BB2156A4FB0074AD08 /* main.m */ = {isa = PBXFileReference; fileEncoding = 4; lastKnownFileType = sourcecode.c.objc; path = main.m; sourceTree = "<group>"; };
		4C4FE6BC2156A4FB0074AD08 /* com.bananz0.GramSMCDaemon.plist */ = {isa = PBXFileReference; fileEncoding = 4; lastKnownFileType = text.plist.xml; path = com.bananz0.GramSMCDaemon.plist; sourceTree = "<group>"; };
		4C4FE6BE2156A5820074AD08 /* KeyImplementations.cpp */ = {isa = PBXFileReference; fileEncoding = 4; lastKnownFileType = sourcecode.cpp.cpp; path = KeyImplementations.cpp; sourceTree = "<group>"; };
		4C4FE6BF2156A5820074AD08 /* KeyImplementations.hpp */ = {isa = PBXFileReference; fileEncoding = 4; lastKnownFileType = sourcecode.cpp.h; path = KeyImplementations.hpp; sourceTree = "<group>"; };
		4C4FE6C22156AA810074AD08 /* README.md */ = {isa = PBXFileReference; lastKnownFileType = net.daringfireball.markdown; path = README.md; sourceTree = "<group>"; };
		4CA82AB1251A07F000B02E1C /* libkmod.a */ = {isa = PBXFileReference; lastKnownFileType = archive.ar; name = libkmod.a; path = MacKernelSDK/Library/x86_64/libkmod.a; sourceTree = "<group>"; };
		4CDDD8C822E899F700CC38F4 /* CHANGELOG.md */ = {isa = PBXFileReference; lastKnownFileType = net.daringfireball.markdown; path = CHANGELOG.md; sourceTree = "<group>"; };
/* End PBXFileReference section */

/* Begin PBXFileSystemSynchronizedRootGroup section */
		31C2B3722F06EC9000FC9E4C /* GramControlCenter */ = {isa = PBXFileSystemSynchronizedRootGroup; explicitFileTypes = {}; explicitFolders = (); path = GramControlCenter; sourceTree = "<group>"; };
/* End PBXFileSystemSynchronizedRootGroup section */

/* Begin PBXFrameworksBuildPhase section */
		31C2B36E2F06EC9000FC9E4C /* Frameworks */ = {
			isa = PBXFrameworksBuildPhase;
			buildActionMask = 2147483647;
			files = (
			);
			runOnlyForDeploymentPostprocessing = 0;
		};
		4C4FE61E2156A1690074AD08 /* Frameworks */ = {
			isa = PBXFrameworksBuildPhase;
			buildActionMask = 2147483647;
			files = (
			);
			runOnlyForDeploymentPostprocessing = 0;
		};
		4C4FE6AA2156A4730074AD08 /* Frameworks */ = {
			isa = PBXFrameworksBuildPhase;
			buildActionMask = 2147483647;
			files = (
				4C4FCB2A232688390010505E /* AppKit.framework in Frameworks */,
				4C4FCB282326880C0010505E /* CoreServices.framework in Frameworks */,
				4C4FE6B82156A4A70074AD08 /* CoreWLAN.framework in Frameworks */,
				4C4FE6B62156A4A20074AD08 /* IOBluetooth.framework in Frameworks */,
			);
			runOnlyForDeploymentPostprocessing = 0;
		};
/* End PBXFrameworksBuildPhase section */

/* Begin PBXGroup section */
		4C4FE6172156A1690074AD08 = {
			isa = PBXGroup;
			children = (
				4CE3969E22CCAB5C00693C33 /* Global */,
				4C4FE6232156A1690074AD08 /* GramSMC */,
				4C4FE6AE2156A4730074AD08 /* GramSMCDaemon */,
				4C4FE69D2156A3970074AD08 /* KernEventServer */,
				4C4FE6A22156A4270074AD08 /* VirtualAppleKeyboard */,
				4C4FE62E2156A2980074AD08 /* SDK */,
				31C2B3722F06EC9000FC9E4C /* GramControlCenter */,
				4C4FE6222156A1690074AD08 /* Products */,
				4C4FE6B42156A4A20074AD08 /* Frameworks */,
				4C4FE6C22156AA810074AD08 /* README.md */,
				4CDDD8C822E899F700CC38F4 /* CHANGELOG.md */,
				4C27D2BF218B647F0089409B /* LICENSE.md */,
			);
			sourceTree = "<group>";
		};
		4C4FE6222156A1690074AD08 /* Products */ = {
			isa = PBXGroup;
			children = (
				4C4FE6212156A1690074AD08 /* GramSMC.kext */,
				4C4FE6AD2156A4730074AD08 /* GramSMCDaemon */,
				31C2B3712F06EC9000FC9E4C /* GramControlCenter.app */,
			);
			name = Products;
			sourceTree = "<group>";
		};
		4C4FE6232156A1690074AD08 /* GramSMC */ = {
			isa = PBXGroup;
			children = (
				4C4FE6262156A1690074AD08 /* GramSMC.cpp */,
				4C4FE6242156A1690074AD08 /* GramSMC.hpp */,
				4C4FE6BE2156A5820074AD08 /* KeyImplementations.cpp */,
				4C4FE6BF2156A5820074AD08 /* KeyImplementations.hpp */,
				4C4FE6282156A1690074AD08 /* Info.plist */,
			);
			path = GramSMC;
			sourceTree = "<group>";
		};
		4C4FE62E2156A2980074AD08 /* SDK */ = {
			isa = PBXGroup;
			children = (
				4C4FE6952156A3700074AD08 /* VirtualSMCSDK */,
				4C4FE6662156A3610074AD08 /* Headers */,
				4C4FE6882156A3610074AD08 /* Library */,
			);
			name = SDK;
			sourceTree = "<group>";
		};
		4C4FE6662156A3610074AD08 /* Headers */ = {
			isa = PBXGroup;
			children = (
				4C4FE6672156A3610074AD08 /* kern_config.hpp */,
				4C4FE6682156A3610074AD08 /* kern_time.hpp */,
				4C4FE6692156A3610074AD08 /* kern_nvram.hpp */,
				4C4FE66A2156A3610074AD08 /* kern_cpu.hpp */,
				4C4FE66B2156A3610074AD08 /* kern_devinfo.hpp */,
				4C4FE66C2156A3610074AD08 /* kern_efi.hpp */,
				4C4FE66D2156A3610074AD08 /* kern_policy.hpp */,
				4C4FE66E2156A3610074AD08 /* kern_user.hpp */,
				4C4FE66F2156A3610074AD08 /* plugin_start.hpp */,
				4C4FE6702156A3610074AD08 /* kern_iokit.hpp */,
				4C4FE6712156A3610074AD08 /* kern_crypto.hpp */,
				4C4FE6722156A3610074AD08 /* kern_mach.hpp */,
				4C4FE6732156A3610074AD08 /* kern_compression.hpp */,
				4C4FE6742156A3610074AD08 /* kern_file.hpp */,
				4C4FE6752156A3610074AD08 /* kern_rtc.hpp */,
				4C4FE6762156A3610074AD08 /* kern_disasm.hpp */,
				4C4FE6772156A3610074AD08 /* capstone */,
				4C4FE6822156A3610074AD08 /* kern_patcher.hpp */,
				4C4FE6852156A3610074AD08 /* kern_compat.hpp */,
				4C4FE6862156A3610074AD08 /* kern_api.hpp */,
				4C4FE6872156A3610074AD08 /* kern_util.hpp */,
			);
			name = Headers;
			path = Lilu.kext/Contents/Resources/Headers;
			sourceTree = "<group>";
		};
		4C4FE6772156A3610074AD08 /* capstone */ = {
			isa = PBXGroup;
			children = (
				4C4FE6782156A3610074AD08 /* capstone.h */,
				4C4FE6792156A3610074AD08 /* mips.h */,
				4C4FE67A2156A3610074AD08 /* sparc.h */,
				4C4FE67B2156A3610074AD08 /* systemz.h */,
				4C4FE67C2156A3610074AD08 /* arm.h */,
				4C4FE67D2156A3610074AD08 /* x86.h */,
				4C4FE67E2156A3610074AD08 /* ppc.h */,
				4C4FE67F2156A3610074AD08 /* arm64.h */,
				4C4FE6802156A3610074AD08 /* xcore.h */,
				4C4FE6812156A3610074AD08 /* platform.h */,
			);
			path = capstone;
			sourceTree = "<group>";
		};
		4C4FE6882156A3610074AD08 /* Library */ = {
			isa = PBXGroup;
			children = (
				4C4FE68A2156A3610074AD08 /* wrappers */,
				4C4FE6932156A3620074AD08 /* plugin_start.cpp */,
			);
			name = Library;
			path = Lilu.kext/Contents/Resources/Library;
			sourceTree = "<group>";
		};
		4C4FE68A2156A3610074AD08 /* wrappers */ = {
			isa = PBXGroup;
			children = (
				4C4FE68B2156A3610074AD08 /* entry64.S */,
				4C4FE68C2156A3620074AD08 /* build.tool */,
				4C4FE68D2156A3620074AD08 /* entry32.S */,
				4C4FE68E2156A3620074AD08 /* wrappers.inc */,
			);
			path = wrappers;
			sourceTree = "<group>";
		};
		4C4FE6952156A3700074AD08 /* VirtualSMCSDK */ = {
			isa = PBXGroup;
			children = (
				4C4FE6962156A3700074AD08 /* kern_smcinfo.hpp */,
				4C4FE6972156A3700074AD08 /* kern_vsmcapi.hpp */,
				4C4FE6982156A3700074AD08 /* AppleSmc.h */,
				4C4FE6992156A3700074AD08 /* kern_keyvalue.hpp */,
				4C4FE69A2156A3700074AD08 /* kern_value.hpp */,
				4C4FE69C2156A3700074AD08 /* AppleSmcBridge.hpp */,
			);
			name = VirtualSMCSDK;
			path = VirtualSMC.kext/Contents/Resources/VirtualSMCSDK;
			sourceTree = "<group>";
		};
		4C4FE69D2156A3970074AD08 /* KernEventServer */ = {
			isa = PBXGroup;
			children = (
				4C4FE69E2156A3AD0074AD08 /* KernEventServer.cpp */,
				4C4FE69F2156A3AD0074AD08 /* KernEventServer.hpp */,
			);
			path = KernEventServer;
			sourceTree = "<group>";
		};
		4C4FE6A22156A4270074AD08 /* VirtualAppleKeyboard */ = {
			isa = PBXGroup;
			children = (
				4C4FE6A32156A4340074AD08 /* VirtualAppleKeyboard.cpp */,
				4C4FE6A42156A4340074AD08 /* VirtualAppleKeyboard.hpp */,
			);
			path = VirtualAppleKeyboard;
			sourceTree = "<group>";
		};
		4C4FE6AE2156A4730074AD08 /* GramSMCDaemon */ = {
			isa = PBXGroup;
			children = (
				4C4FE6BA2156A4FB0074AD08 /* BezelServices.h */,
				4C4FE6BC2156A4FB0074AD08 /* com.bananz0.GramSMCDaemon.plist */,
				4C32364A2159051A00700256 /* install_daemon.sh */,
				4C4FE6BB2156A4FB0074AD08 /* main.m */,
				4C4FE6B92156A4FB0074AD08 /* OSD.h */,
			);
			path = GramSMCDaemon;
			sourceTree = "<group>";
		};
		4C4FE6B42156A4A20074AD08 /* Frameworks */ = {
			isa = PBXGroup;
			children = (
				4CA82AB1251A07F000B02E1C /* libkmod.a */,
				4C4FCB29232688390010505E /* AppKit.framework */,
				4C4FCB272326880C0010505E /* CoreServices.framework */,
				4C4FE6B72156A4A70074AD08 /* CoreWLAN.framework */,
				4C4FE6B52156A4A20074AD08 /* IOBluetooth.framework */,
			);
			name = Frameworks;
			sourceTree = "<group>";
		};
		4CE3969E22CCAB5C00693C33 /* Global */ = {
			isa = PBXGroup;
			children = (
				4C17428022C85E6E00469B7E /* HIDUsageTables.h */,
				4C4FE6A52156A4340074AD08 /* HIDReport.hpp */,
			);
			path = Global;
			sourceTree = "<group>";
		};
/* End PBXGroup section */

/* Begin PBXHeadersBuildPhase section */
		4C4FE61C2156A1690074AD08 /* Headers */ = {
			isa = PBXHeadersBuildPhase;
			buildActionMask = 2147483647;
			files = (
				4C4FE6A82156A4340074AD08 /* HIDReport.hpp in Headers */,
				4C4FE6A12156A3AD0074AD08 /* KernEventServer.hpp in Headers */,
				4C17428122C85E6E00469B7E /* HIDUsageTables.h in Headers */,
				4C4FE6252156A1690074AD08 /* GramSMC.hpp in Headers */,
				4C4FE6C12156A5820074AD08 /* KeyImplementations.hpp in Headers */,
				4C4FE6A72156A4340074AD08 /* VirtualAppleKeyboard.hpp in Headers */,
			);
			runOnlyForDeploymentPostprocessing = 0;
		};
/* End PBXHeadersBuildPhase section */

/* Begin PBXNativeTarget section */
		31C2B3702F06EC9000FC9E4C /* GramControlCenter */ = {
			isa = PBXNativeTarget;
			buildConfigurationList = 31C2B37B2F06EC9300FC9E4C /* Build configuration list for PBXNativeTarget "GramControlCenter" */;
			buildPhases = (
				31C2B36D2F06EC9000FC9E4C /* Sources */,
				31C2B36E2F06EC9000FC9E4C /* Frameworks */,
				31C2B36F2F06EC9000FC9E4C /* Resources */,
			);
			buildRules = (
			);
			dependencies = (
			);
			fileSystemSynchronizedGroups = (
				31C2B3722F06EC9000FC9E4C /* GramControlCenter */,
			);
			name = GramControlCenter;
			packageProductDependencies = (
			);
			productName = GramControlCenter;
			productReference = 31C2B3712F06EC9000FC9E4C /* GramControlCenter.app */;
			productType = "com.apple.product-type.application";
		};
		4C4FE6202156A1690074AD08 /* GramSMC */ = {
			isa = PBXNativeTarget;
			buildConfigurationList = 4C4FE62B2156A1690074AD08 /* Build configuration list for PBXNativeTarget "GramSMC" */;
			buildPhases = (
				4C4FE61C2156A1690074AD08 /* Headers */,
				4C4FE61D2156A1690074AD08 /* Sources */,
				4C4FE61E2156A1690074AD08 /* Frameworks */,
				4C4FE61F2156A1690074AD08 /* Resources */,
				4CC5A8C1244611D300AB526E /* CopyFiles */,
				4C8C666424460F3C00D694EB /* Archive */,
			);
			buildRules = (
			);
			dependencies = (
				4C8C666324460F2D00D694EB /* PBXTargetDependency */,
			);
			name = GramSMC;
			productName = GramSMC;
			productReference = 4C4FE6212156A1690074AD08 /* GramSMC.kext */;
			productType = "com.apple.product-type.kernel-extension";
		};
		4C4FE6AC2156A4730074AD08 /* GramSMCDaemon */ = {
			isa = PBXNativeTarget;
			buildConfigurationList = 4C4FE6B12156A4730074AD08 /* Build configuration list for PBXNativeTarget "GramSMCDaemon" */;
			buildPhases = (
				4C4FE6A92156A4730074AD08 /* Sources */,
				4C4FE6AA2156A4730074AD08 /* Frameworks */,
				4C4FE6AB2156A4730074AD08 /* CopyFiles */,
			);
			buildRules = (
			);
			dependencies = (
			);
			name = GramSMCDaemon;
			productName = GramSMCDaemon;
			productReference = 4C4FE6AD2156A4730074AD08 /* GramSMCDaemon */;
			productType = "com.apple.product-type.tool";
		};
/* End PBXNativeTarget section */

/* Begin PBXProject section */
		4C4FE6182156A1690074AD08 /* Project object */ = {
			isa = PBXProject;
			attributes = {
				BuildIndependentTargetsInParallel = YES;
				LastSwiftUpdateCheck = 2620;
				LastUpgradeCheck = 2620;
				ORGANIZATIONNAME = "Le Bao Hiep";
				TargetAttributes = {
					314E65702F08183100A79975 = {
						CreatedOnToolsVersion = 26.2;
					};
					31C2B3702F06EC9000FC9E4C = {
						CreatedOnToolsVersion = 26.2;
					};
					4C4FE6202156A1690074AD08 = {
						CreatedOnToolsVersion = 10.0;
					};
					4C4FE6AC2156A4730074AD08 = {
						CreatedOnToolsVersion = 10.0;
					};
				};
			};
			buildConfigurationList = 4C4FE61B2156A1690074AD08 /* Build configuration list for PBXProject "GramSMC" */;
			compatibilityVersion = "Xcode 9.3";
			developmentRegion = en;
			hasScannedForEncodings = 0;
			knownRegions = (
				en,
				Base,
			);
			mainGroup = 4C4FE6172156A1690074AD08;
			productRefGroup = 4C4FE6222156A1690074AD08 /* Products */;
			projectDirPath = "";
			projectRoot = "";
			targets = (
				4C4FE6202156A1690074AD08 /* GramSMC */,
				4C4FE6AC2156A4730074AD08 /* GramSMCDaemon */,
				31C2B3702F06EC9000FC9E4C /* GramControlCenter */,
				314E65702F08183100A79975 /* GramSMC All */,
			);
		};
/* End PBXProject section */

/* Begin PBXResourcesBuildPhase section */
		31C2B36F2F06EC9000FC9E4C /* Resources */ = {
			isa = PBXResourcesBuildPhase;
			buildActionMask = 2147483647;
			files = (
			);
			runOnlyForDeploymentPostprocessing = 0;
		};
		4C4FE61F2156A1690074AD08 /* Resources */ = {
			isa = PBXResourcesBuildPhase;
			buildActionMask = 2147483647;
			files = (
			);
			runOnlyForDeploymentPostprocessing = 0;
		};
/* End PBXResourcesBuildPhase section */

/* Begin PBXShellScriptBuildPhase section */
		314E657A2F08193000A79975 /* SSDT-Compiler */ = {
			isa = PBXShellScriptBuildPhase;
			buildActionMask = 2147483647;
			files = (
			);
			inputFileListPaths = (
			);
			inputPaths = (
				"$(SRCROOT)/GramSMC/SSDT-GramSMC.dsl",
			);
			name = "SSDT-Compiler";
			outputFileListPaths = (
			);
			outputPaths = (
				"$(BUILT_PRODUCTS_DIR)/SSDT-GramSMC.aml",
				"$(BUILT_PRODUCTS_DIR)/.compile_ssdt_stamp",
			);
			runOnlyForDeploymentPostprocessing = 0;
			shellPath = /bin/sh;
			shellScript = "#!/bin/bash\nset -euo pipefail\n\n# Colors (optional)\nRED='\\033[0;31m'\nGREEN='\\033[0;32m'\nBLUE='\\033[0;34m'\nNC='\\033[0m' # No Color\n\n# Source and output paths using Xcode env vars\n# Adjust SSDT_SRC if your DSL lives elsewhere\nSSDT_SRC=\"${SRCROOT}/GramSMC/SSDT-GramSMC.dsl\"\n\n# Built products output (what Xcode expects)\nBUILT_OUT_DIR=\"${BUILT_PRODUCTS_DIR}\"\nSSDT_AML_BUILT=\"${BUILT_OUT_DIR}/SSDT-GramSMC.aml\"\n\n# Repo-local collection directory (so you have a neat folder with artifacts)\nCOLLECT_OUT_DIR=\"${SRCROOT}/Build/${CONFIGURATION}\"\nSSDT_AML_COLLECT=\"${COLLECT_OUT_DIR}/SSDT-GramSMC.aml\"\n\necho -e \"${BLUE}Building SSDT-GramSMC...${NC}\"\n\nif [ ! -f \"${SSDT_SRC}\" ]; then\n  echo -e \"${RED}Error: SSDT source not found: ${SSDT_SRC}${NC}\"\n  exit 1\nfi\n\n# Check iasl availability\nif ! command -v iasl >/dev/null 2>&1; then\n  echo -e \"${RED}Error: iasl compiler not found. Install via:${NC}\"\n  echo -e \"${RED}  brew install acpica${NC}\"\n  exit 1\nfi\n\n# Ensure output directories exist\nmkdir -p \"${BUILT_OUT_DIR}\"\nmkdir -p \"${COLLECT_OUT_DIR}\"\n\n# Compile SSDT directly to built products directory\n# -p specifies the output filename prefix (iasl appends .aml)\necho -e \"${BLUE}Compiling to ${SSDT_AML_BUILT}...${NC}\"\niasl -ve -p \"${SSDT_AML_BUILT}\" \"${SSDT_SRC}\" || {\n  echo -e \"${RED}Error: Failed to compile SSDT${NC}\"\n  exit 1\n}\n\n# Copy AML to collection directory\ncp \"${SSDT_AML_BUILT}\" \"${SSDT_AML_COLLECT}\"\n\n# Also copy DSL for reference into both locations (best-effort)\ncp \"${SSDT_SRC}\" \"${BUILT_OUT_DIR}/\" || true\ncp \"${SSDT_SRC}\" \"${COLLECT_OUT_DIR}/\" || true\n\n# Stamp file for Xcode dependency analysis (declare as Output File)\ntouch \"${BUILT_PRODUCTS_DIR}/.compile_ssdt_stamp\"\n\necho -e \"${GREEN}✓ SSDT compiled successfully:${NC}\"\necho -e \"${GREEN}  - ${SSDT_AML_BUILT}${NC}\"\necho -e \"${GREEN}  - ${SSDT_AML_COLLECT}${NC}\"\n";
		};
		314E657B2F08194000A79975 /* Final Folder */ = {
			isa = PBXShellScriptBuildPhase;
			buildActionMask = 2147483647;
			files = (
			);
			inputFileListPaths = (
			);
			inputPaths = (
			);
			name = "Final Folder";
			outputFileListPaths = (
			);
			outputPaths = (
				"$(SRCROOT)/build/$(CONFIGURATION)/GramSMC.kext",
				"$(SRCROOT)/build/$(CONFIGURATION)/GramControlCenter.app",
				"$(SRCROOT)/build/$(CONFIGURATION)/GramSMCDaemon",
				"$(SRCROOT)/build/$(CONFIGURATION)/com.bananz0.GramSMCDaemon.plist",
				"$(SRCROOT)/build/$(CONFIGURATION)/install.sh",
			);
			runOnlyForDeploymentPostprocessing = 0;
			shellPath = /bin/sh;
			shellScript = "#!/bin/bash\nset -euo pipefail\n\n# Colors\nRED='\\033[0;31m'\nGREEN='\\033[0;32m'\nBLUE='\\033[0;34m'\nYELLOW='\\033[1;33m'\nNC='\\033[0m'\n\nBUILD_DIR=\"${SRCROOT}/build/${CONFIGURATION}\"\nKEXT_SRC=\"${BUILT_PRODUCTS_DIR}/GramSMC.kext\"\nAPP_SRC=\"${BUILT_PRODUCTS_DIR}/GramControlCenter.app\"\nDAEMON_SRC=\"${BUILT_PRODUCTS_DIR}/GramSMCDaemon\"\nPLIST_SRC=\"${SRCROOT}/GramSMCDaemon/com.bananz0.GramSMCDaemon.plist\"\nAPP_PLIST_SRC=\"${SRCROOT}/GramControlCenter/com.bananz0.GramControlCenter.plist\"\nINSTALL_SCRIPT_SRC=\"${SRCROOT}/Scripts/install_daemon_app.sh\"\n\necho -e \"${BLUE}[BUILD] Collecting products to ${BUILD_DIR}...${NC}\"\n\n# Clean build directory\nrm -rf \"${BUILD_DIR}\"\nmkdir -p \"${BUILD_DIR}\"\n\n# Copy kext\nif [ -d \"${KEXT_SRC}\" ]; then\n  rm -rf \"${BUILD_DIR}/GramSMC.kext\"\n  cp -R \"${KEXT_SRC}\" \"${BUILD_DIR}/\"\n  echo -e \"${GREEN}✓ Copied GramSMC.kext${NC}\"\nelse\n  echo -e \"${YELLOW}⚠ GramSMC.kext not found${NC}\"\nfi\n\n# Copy app\nif [ -d \"${APP_SRC}\" ]; then\n  rm -rf \"${BUILD_DIR}/GramControlCenter.app\"\n  cp -R \"${APP_SRC}\" \"${BUILD_DIR}/\"\n  echo -e \"${GREEN}✓ Copied GramControlCenter.app${NC}\"\nelse\n  echo -e \"${YELLOW}⚠ GramControlCenter.app not found${NC}\"\nfi\n\n# Copy daemon\nif [ -f \"${DAEMON_SRC}\" ]; then\n  cp \"${DAEMON_SRC}\" \"${BUILD_DIR}/\"\n  echo -e \"${GREEN}✓ Copied GramSMCDaemon${NC}\"\nelse\n  echo -e \"${YELLOW}⚠ GramSMCDaemon not found${NC}\"\nfi\n\n# Copy daemon plist\nif [ -f \"${PLIST_SRC}\" ]; then\n  cp \"${PLIST_SRC}\" \"${BUILD_DIR}/\"\n  echo -e \"${GREEN}✓ Copied daemon plist${NC}\"\nfi\n\n# Copy app agent plist\nif [ -f \"${APP_PLIST_SRC}\" ]; then\n  cp \"${APP_PLIST_SRC}\" \"${BUILD_DIR}/\"\n  echo -e \"${GREEN}✓ Copied app agent plist${NC}\"\nfi\n\n# Copy install script\nif [ -f \"${INSTALL_SCRIPT_SRC}\" ]; then\n  cp \"${INSTALL_SCRIPT_SRC}\" \"${BUILD_DIR}/install.sh\"\n  chmod +x \"${BUILD_DIR}/install.sh\"\n  echo -e \"${GREEN}✓ Copied install script${NC}\"\nfi\n\n# SSDT already compiled in previous phase\nif [ -f \"${BUILD_DIR}/SSDT-GramSMC.aml\" ]; then\n  echo -e \"${GREEN}✓ SSDT-GramSMC.aml ready${NC}\"\nfi\n\necho -e \"${GREEN}\\n✓ Build complete: ${BUILD_DIR}${NC}\"\necho -e \"${BLUE}Contents:${NC}\"\nls -lh \"${BUILD_DIR}\" | tail -n +2\n\necho -e \"${YELLOW}\\nTo install daemon and app:${NC}\"\necho -e \"  cd ${BUILD_DIR} && ./install.sh\"\n";
		};
		4C8C666424460F3C00D694EB /* Archive */ = {
			isa = PBXShellScriptBuildPhase;
			alwaysOutOfDate = 1;
			buildActionMask = 2147483647;
			files = (
			);
			inputFileListPaths = (
			);
			inputPaths = (
			);
			name = Archive;
			outputFileListPaths = (
			);
			outputPaths = (
			);
			runOnlyForDeploymentPostprocessing = 0;
			shellPath = /bin/sh;
			shellScript = "cd \"${TARGET_BUILD_DIR}\"\n\narchive=\"${PRODUCT_NAME}-${MODULE_VERSION}-$(echo $CONFIGURATION | tr /a-z/ /A-Z/).zip\"\nrm -rf *.zip\nif [ \"$CONFIGURATION\" == \"Release\" ]; then\n  strip -x -T \"${EXECUTABLE_PATH}\" &>/dev/null || strip -x \"${EXECUTABLE_PATH}\"\nfi\nzip -qry -FS \"${archive}\" *\n";
		};
/* End PBXShellScriptBuildPhase section */

/* Begin PBXSourcesBuildPhase section */
		31C2B36D2F06EC9000FC9E4C /* Sources */ = {
			isa = PBXSourcesBuildPhase;
			buildActionMask = 2147483647;
			files = (
			);
			runOnlyForDeploymentPostprocessing = 0;
		};
		4C4FE61D2156A1690074AD08 /* Sources */ = {
			isa = PBXSourcesBuildPhase;
			buildActionMask = 2147483647;
			files = (
				4C4FE6272156A1690074AD08 /* GramSMC.cpp in Sources */,
				4C4FE6C02156A5820074AD08 /* KeyImplementations.cpp in Sources */,
				4C4FE6A62156A4340074AD08 /* VirtualAppleKeyboard.cpp in Sources */,
				4C4FE6A02156A3AD0074AD08 /* KernEventServer.cpp in Sources */,
			);
			runOnlyForDeploymentPostprocessing = 0;
		};
		4C4FE6A92156A4730074AD08 /* Sources */ = {
			isa = PBXSourcesBuildPhase;
			buildActionMask = 2147483647;
			files = (
				4C4FE6BD2156A4FB0074AD08 /* main.m in Sources */,
			);
			runOnlyForDeploymentPostprocessing = 0;
		};
/* End PBXSourcesBuildPhase section */

/* Begin PBXTargetDependency section */
		314E65752F0818FA00A79975 /* PBXTargetDependency */ = {
			isa = PBXTargetDependency;
			target = 4C4FE6202156A1690074AD08 /* GramSMC */;
			targetProxy = 314E65742F0818FA00A79975 /* PBXContainerItemProxy */;
		};
		314E65772F08190300A79975 /* PBXTargetDependency */ = {
			isa = PBXTargetDependency;
			target = 31C2B3702F06EC9000FC9E4C /* GramControlCenter */;
			targetProxy = 314E65762F08190300A79975 /* PBXContainerItemProxy */;
		};
		314E65792F08191300A79975 /* PBXTargetDependency */ = {
			isa = PBXTargetDependency;
			target = 4C4FE6AC2156A4730074AD08 /* GramSMCDaemon */;
			targetProxy = 314E65782F08191300A79975 /* PBXContainerItemProxy */;
		};
		4C8C666324460F2D00D694EB /* PBXTargetDependency */ = {
			isa = PBXTargetDependency;
			target = 4C4FE6AC2156A4730074AD08 /* GramSMCDaemon */;
			targetProxy = 4C8C666224460F2D00D694EB /* PBXContainerItemProxy */;
		};
/* End PBXTargetDependency section */

/* Begin XCBuildConfiguration section */
		314E65712F08183100A79975 /* Debug */ = {
			isa = XCBuildConfiguration;
			buildSettings = {
				CODE_SIGN_STYLE = Automatic;
				DEVELOPMENT_TEAM = QVWYYQ6F86;
				MACOSX_DEPLOYMENT_TARGET = 26.0;
				ARCHS = x86_64;
				ONLY_ACTIVE_ARCH = NO;
				PRODUCT_NAME = "$(TARGET_NAME)";
			};
			name = Debug;
		};
		314E65722F08183100A79975 /* Release */ = {
			isa = XCBuildConfiguration;
			buildSettings = {
				CODE_SIGN_STYLE = Automatic;
				DEVELOPMENT_TEAM = QVWYYQ6F86;
				MACOSX_DEPLOYMENT_TARGET = 26.0;
				ARCHS = x86_64;
				ONLY_ACTIVE_ARCH = NO;
				PRODUCT_NAME = "$(TARGET_NAME)";
			};
			name = Release;
		};
		31C2B3792F06EC9200FC9E4C /* Debug */ = {
			isa = XCBuildConfiguration;
			buildSettings = {
				ASSETCATALOG_COMPILER_APPICON_NAME = AppIcon;
				ASSETCATALOG_COMPILER_GENERATE_SWIFT_ASSET_SYMBOL_EXTENSIONS = YES;
				ASSETCATALOG_COMPILER_GLOBAL_ACCENT_COLOR_NAME = AccentColor;
				CLANG_CXX_LANGUAGE_STANDARD = "gnu++20";
				CLANG_ENABLE_MODULES = YES;
				CLANG_WARN_DOCUMENTATION_COMMENTS = YES;
				CODE_SIGN_STYLE = Automatic;
				COMBINE_HIDPI_IMAGES = YES;
				ARCHS = x86_64;
				ONLY_ACTIVE_ARCH = NO;
				CURRENT_PROJECT_VERSION = 1.5.1;
				DEAD_CODE_STRIPPING = YES;
				ENABLE_APP_SANDBOX = NO;
				ENABLE_PREVIEWS = YES;
				ENABLE_USER_SCRIPT_SANDBOXING = YES;
				ENABLE_USER_SELECTED_FILES = readonly;
				GCC_C_LANGUAGE_STANDARD = gnu17;
				GENERATE_INFOPLIST_FILE = YES;
				INFOPLIST_KEY_CFBundleDisplayName = "Gram Control Center";
				INFOPLIST_KEY_NSHumanReadableCopyright = "Copyright © 2026 Le Bao Hiep. All rights reserved.";
				LD_RUNPATH_SEARCH_PATHS = (
					"$(inherited)",
					"@executable_path/../Frameworks",
				);
				LOCALIZATION_PREFERS_STRING_CATALOGS = YES;
				MACOSX_DEPLOYMENT_TARGET = 26.2;
				MARKETING_VERSION = 1.5.1;
				OTHER_LDFLAGS = (
					"$(inherited)",
					"-framework",
					CoreBrightness,
					"-F/System/Library/PrivateFrameworks",
				);
				PRODUCT_BUNDLE_IDENTIFIER = bananz0.GramControlCenter;
				PRODUCT_NAME = "$(TARGET_NAME)";
				REGISTER_APP_GROUPS = YES;
				STRING_CATALOG_GENERATE_SYMBOLS = YES;
				SWIFT_ACTIVE_COMPILATION_CONDITIONS = "DEBUG $(inherited)";
				SWIFT_APPROACHABLE_CONCURRENCY = YES;
				SWIFT_DEFAULT_ACTOR_ISOLATION = MainActor;
				SWIFT_EMIT_LOC_STRINGS = YES;
				SWIFT_OBJC_BRIDGING_HEADER = "GramControlCenter/GramControlCenter-Bridging-Header.h";
				SWIFT_OPTIMIZATION_LEVEL = "-Onone";
				SWIFT_UPCOMING_FEATURE_MEMBER_IMPORT_VISIBILITY = YES;
				SWIFT_VERSION = 5.0;
			};
			name = Debug;
		};
		31C2B37A2F06EC9200FC9E4C /* Release */ = {
			isa = XCBuildConfiguration;
			buildSettings = {
				ASSETCATALOG_COMPILER_APPICON_NAME = AppIcon;
				ASSETCATALOG_COMPILER_GENERATE_SWIFT_ASSET_SYMBOL_EXTENSIONS = YES;
				ASSETCATALOG_COMPILER_GLOBAL_ACCENT_COLOR_NAME = AccentColor;
				CLANG_CXX_LANGUAGE_STANDARD = "gnu++20";
				CLANG_ENABLE_MODULES = YES;
				CLANG_WARN_DOCUMENTATION_COMMENTS = YES;
				CODE_SIGN_STYLE = Automatic;
				COMBINE_HIDPI_IMAGES = YES;
				ARCHS = x86_64;
				ONLY_ACTIVE_ARCH = NO;
				CURRENT_PROJECT_VERSION = 1.5.1;
				DEAD_CODE_STRIPPING = YES;
				ENABLE_APP_SANDBOX = NO;
				ENABLE_PREVIEWS = YES;
				ENABLE_USER_SCRIPT_SANDBOXING = YES;
				ENABLE_USER_SELECTED_FILES = readonly;
				GCC_C_LANGUAGE_STANDARD = gnu17;
				GENERATE_INFOPLIST_FILE = YES;
				INFOPLIST_KEY_CFBundleDisplayName = "Gram Control Center";
				INFOPLIST_KEY_NSHumanReadableCopyright = "Copyright © 2026 Le Bao Hiep. All rights reserved.";
				LD_RUNPATH_SEARCH_PATHS = (
					"$(inherited)",
					"@executable_path/../Frameworks",
				);
				LOCALIZATION_PREFERS_STRING_CATALOGS = YES;
				MACOSX_DEPLOYMENT_TARGET = 26.2;
				MARKETING_VERSION = 1.5.1;
				OTHER_LDFLAGS = (
					"$(inherited)",
					"-framework",
					CoreBrightness,
					"-F/System/Library/PrivateFrameworks",
				);
				PRODUCT_BUNDLE_IDENTIFIER = bananz0.GramControlCenter;
				PRODUCT_NAME = "$(TARGET_NAME)";
				REGISTER_APP_GROUPS = YES;
				STRING_CATALOG_GENERATE_SYMBOLS = YES;
				SWIFT_APPROACHABLE_CONCURRENCY = YES;
				SWIFT_COMPILATION_MODE = wholemodule;
				SWIFT_DEFAULT_ACTOR_ISOLATION = MainActor;
				SWIFT_EMIT_LOC_STRINGS = YES;
				SWIFT_OBJC_BRIDGING_HEADER = "GramControlCenter/GramControlCenter-Bridging-Header.h";
				SWIFT_UPCOMING_FEATURE_MEMBER_IMPORT_VISIBILITY = YES;
				SWIFT_VERSION = 5.0;
			};
			name = Release;
		};
		4C4FE6292156A1690074AD08 /* Debug */ = {
			isa = XCBuildConfiguration;
			buildSettings = {
				ALWAYS_SEARCH_USER_PATHS = NO;
				ASSETCATALOG_COMPILER_GENERATE_SWIFT_ASSET_SYMBOL_EXTENSIONS = YES;
				CLANG_ANALYZER_NONNULL = YES;
				CLANG_ANALYZER_NUMBER_OBJECT_CONVERSION = YES_AGGRESSIVE;
				CLANG_CXX_LANGUAGE_STANDARD = "gnu++14";
				CLANG_CXX_LIBRARY = "libc++";
				CLANG_ENABLE_OBJC_ARC = YES;
				CLANG_ENABLE_OBJC_WEAK = YES;
				CLANG_WARN_BLOCK_CAPTURE_AUTORELEASING = YES;
				CLANG_WARN_BOOL_CONVERSION = YES;
				CLANG_WARN_COMMA = YES;
				CLANG_WARN_CONSTANT_CONVERSION = YES;
				CLANG_WARN_DEPRECATED_OBJC_IMPLEMENTATIONS = YES;
				CLANG_WARN_DIRECT_OBJC_ISA_USAGE = YES_ERROR;
				CLANG_WARN_EMPTY_BODY = YES;
				CLANG_WARN_ENUM_CONVERSION = YES;
				CLANG_WARN_INFINITE_RECURSION = YES;
				CLANG_WARN_INT_CONVERSION = YES;
				CLANG_WARN_NON_LITERAL_NULL_CONVERSION = YES;
				CLANG_WARN_OBJC_IMPLICIT_RETAIN_SELF = YES;
				CLANG_WARN_OBJC_LITERAL_CONVERSION = YES;
				CLANG_WARN_OBJC_ROOT_CLASS = YES_ERROR;
				CLANG_WARN_QUOTED_INCLUDE_IN_FRAMEWORK_HEADER = YES;
				CLANG_WARN_RANGE_LOOP_ANALYSIS = YES;
				CLANG_WARN_STRICT_PROTOTYPES = YES;
				CLANG_WARN_SUSPICIOUS_MOVE = YES;
				CLANG_WARN_UNGUARDED_AVAILABILITY = YES_AGGRESSIVE;
				CLANG_WARN_UNREACHABLE_CODE = YES;
				CLANG_WARN__DUPLICATE_METHOD_MATCH = YES;
				COPY_PHASE_STRIP = NO;
				CURRENT_PROJECT_VERSION = 1.4.1;
				DEAD_CODE_STRIPPING = YES;
				DEBUG_INFORMATION_FORMAT = dwarf;
				ENABLE_STRICT_OBJC_MSGSEND = YES;
				ENABLE_TESTABILITY = YES;
				GCC_C_LANGUAGE_STANDARD = gnu11;
				GCC_DYNAMIC_NO_PIC = NO;
				GCC_NO_COMMON_BLOCKS = YES;
				GCC_OPTIMIZATION_LEVEL = 0;
				GCC_PREPROCESSOR_DEFINITIONS = (
					"DEBUG=1",
					"$(inherited)",
				);
				GCC_WARN_64_TO_32_BIT_CONVERSION = YES;
				GCC_WARN_ABOUT_RETURN_TYPE = YES_ERROR;
				GCC_WARN_UNDECLARED_SELECTOR = YES;
				GCC_WARN_UNINITIALIZED_AUTOS = YES_AGGRESSIVE;
				GCC_WARN_UNUSED_FUNCTION = YES;
				GCC_WARN_UNUSED_VARIABLE = YES;
				KERNEL_EXTENSION_HEADER_SEARCH_PATHS = "$(PROJECT_DIR)/MacKernelSDK/Headers";
				KERNEL_FRAMEWORK_HEADERS = "$(PROJECT_DIR)/MacKernelSDK/Headers";
				LIBRARY_SEARCH_PATHS = (
					"$(inherited)",
					"$(PROJECT_DIR)/MacKernelSDK/Library/universal",
				);
				MACOSX_DEPLOYMENT_TARGET = 26.0;
				MODULE_VERSION = 1.5.1;
				MTL_ENABLE_DEBUG_INFO = INCLUDE_SOURCE;
				MTL_FAST_MATH = YES;
				ARCHS = x86_64;
				ONLY_ACTIVE_ARCH = NO;
				SDKROOT = macosx;
				STRING_CATALOG_GENERATE_SYMBOLS = YES;
			};
			name = Debug;
		};
		4C4FE62A2156A1690074AD08 /* Release */ = {
			isa = XCBuildConfiguration;
			buildSettings = {
				ALWAYS_SEARCH_USER_PATHS = NO;
				ARCHS = x86_64;
				ASSETCATALOG_COMPILER_GENERATE_SWIFT_ASSET_SYMBOL_EXTENSIONS = YES;
				CLANG_ANALYZER_NONNULL = YES;
				CLANG_ANALYZER_NUMBER_OBJECT_CONVERSION = YES_AGGRESSIVE;
				CLANG_CXX_LANGUAGE_STANDARD = "gnu++14";
				CLANG_CXX_LIBRARY = "libc++";
				CLANG_ENABLE_OBJC_ARC = YES;
				CLANG_ENABLE_OBJC_WEAK = YES;
				CLANG_WARN_BLOCK_CAPTURE_AUTORELEASING = YES;
				CLANG_WARN_BOOL_CONVERSION = YES;
				CLANG_WARN_COMMA = YES;
				CLANG_WARN_CONSTANT_CONVERSION = YES;
				CLANG_WARN_DEPRECATED_OBJC_IMPLEMENTATIONS = YES;
				CLANG_WARN_DIRECT_OBJC_ISA_USAGE = YES_ERROR;
				CLANG_WARN_EMPTY_BODY = YES;
				CLANG_WARN_ENUM_CONVERSION = YES;
				CLANG_WARN_INFINITE_RECURSION = YES;
				CLANG_WARN_INT_CONVERSION = YES;
				CLANG_WARN_NON_LITERAL_NULL_CONVERSION = YES;
				CLANG_WARN_OBJC_IMPLICIT_RETAIN_SELF = YES;
				CLANG_WARN_OBJC_LITERAL_CONVERSION = YES;
				CLANG_WARN_OBJC_ROOT_CLASS = YES_ERROR;
				CLANG_WARN_QUOTED_INCLUDE_IN_FRAMEWORK_HEADER = YES;
				CLANG_WARN_RANGE_LOOP_ANALYSIS = YES;
				CLANG_WARN_STRICT_PROTOTYPES = YES;
				CLANG_WARN_SUSPICIOUS_MOVE = YES;
				CLANG_WARN_UNGUARDED_AVAILABILITY = YES_AGGRESSIVE;
				CLANG_WARN_UNREACHABLE_CODE = YES;
				CLANG_WARN__DUPLICATE_METHOD_MATCH = YES;
				COPY_PHASE_STRIP = NO;
				DEBUG_INFORMATION_FORMAT = "dwarf-with-dsym";
				ENABLE_NS_ASSERTIONS = NO;
				ENABLE_STRICT_OBJC_MSGSEND = YES;
				GCC_C_LANGUAGE_STANDARD = gnu11;
				GCC_NO_COMMON_BLOCKS = YES;
				GCC_WARN_64_TO_32_BIT_CONVERSION = YES;
				GCC_WARN_ABOUT_RETURN_TYPE = YES_ERROR;
				GCC_WARN_UNDECLARED_SELECTOR = YES;
				GCC_WARN_UNINITIALIZED_AUTOS = YES_AGGRESSIVE;
				GCC_WARN_UNUSED_FUNCTION = YES;
				GCC_WARN_UNUSED_VARIABLE = YES;
				KERNEL_EXTENSION_HEADER_SEARCH_PATHS = "$(PROJECT_DIR)/MacKernelSDK/Headers";
				KERNEL_FRAMEWORK_HEADERS = "$(PROJECT_DIR)/MacKernelSDK/Headers";
				LIBRARY_SEARCH_PATHS = (
					"$(inherited)",
					"$(PROJECT_DIR)/MacKernelSDK/Library/universal",
				);
				MACOSX_DEPLOYMENT_TARGET = 26.0;
				MODULE_VERSION = 1.5.1;
				MTL_ENABLE_DEBUG_INFO = NO;
				MTL_FAST_MATH = YES;
				ONLY_ACTIVE_ARCH = NO;
				SDKROOT = macosx;
				STRING_CATALOG_GENERATE_SYMBOLS = YES;
				SWIFT_COMPILATION_MODE = wholemodule;
			};
			name = Release;
		};
		4C4FE62C2156A1690074AD08 /* Debug */ = {
			isa = XCBuildConfiguration;
			buildSettings = {
				CLANG_ANALYZER_DEADCODE_DEADSTORES = NO;
				CLANG_ANALYZER_DIVIDE_BY_ZERO = NO;
				CLANG_ANALYZER_NULL_DEREFERENCE = NO;
				CODE_SIGN_IDENTITY = "-";
				COMBINE_HIDPI_IMAGES = YES;
				ARCHS = x86_64;
				ONLY_ACTIVE_ARCH = NO;
				CURRENT_PROJECT_VERSION = 1.5.1;
				DEAD_CODE_STRIPPING = YES;
				GCC_PREPROCESSOR_DEFINITIONS = (
					"MODULE_VERSION=$(MODULE_VERSION)",
					"$(inherited)",
				);
				HEADER_SEARCH_PATHS = (
					"$(inherited)",
					"$(PROJECT_DIR)/MacKernelSDK/Headers",
					"$(PROJECT_DIR)/VirtualSMC.kext/Contents/Resources/",
					"$(PROJECT_DIR)/Lilu.kext/Contents/Resources/",
				);
				INFOPLIST_FILE = GramSMC/Info.plist;
				INFOPLIST_KEY_CFBundleDisplayName = GramSMC;
				MACOSX_DEPLOYMENT_TARGET = 26.0;
				MARKETING_VERSION = 1.5.1;
				MODULE_NAME = com.bananz0.GramSMC;
				MODULE_START = "$(PRODUCT_NAME)_kern_start";
				MODULE_STOP = "$(PRODUCT_NAME)_kern_stop";
				OTHER_CPLUSPLUSFLAGS = "-Wno-inconsistent-missing-override";
				PRODUCT_BUNDLE_IDENTIFIER = com.bananz0.GramSMC;
				PRODUCT_NAME = "$(TARGET_NAME)";
				RUN_CLANG_STATIC_ANALYZER = YES;
				WRAPPER_EXTENSION = kext;
			};
			name = Debug;
		};
		4C4FE62D2156A1690074AD08 /* Release */ = {
			isa = XCBuildConfiguration;
			buildSettings = {
				CODE_SIGN_IDENTITY = "-";
				COMBINE_HIDPI_IMAGES = YES;
				ARCHS = x86_64;
				ONLY_ACTIVE_ARCH = NO;
				CURRENT_PROJECT_VERSION = 1.5.1;
				DEAD_CODE_STRIPPING = YES;
				GCC_PREPROCESSOR_DEFINITIONS = (
					"MODULE_VERSION=$(MODULE_VERSION)",
					"$(inherited)",
				);
				HEADER_SEARCH_PATHS = (
					"$(inherited)",
					"$(PROJECT_DIR)/MacKernelSDK/Headers",
					"$(PROJECT_DIR)/VirtualSMC.kext/Contents/Resources/",
					"$(PROJECT_DIR)/Lilu.kext/Contents/Resources/",
				);
				INFOPLIST_FILE = GramSMC/Info.plist;
				INFOPLIST_KEY_CFBundleDisplayName = GramSMC;
				MACOSX_DEPLOYMENT_TARGET = 26.0;
				MARKETING_VERSION = 1.5.1;
				MODULE_NAME = com.bananz0.GramSMC;
				MODULE_START = "$(PRODUCT_NAME)_kern_start";
				MODULE_STOP = "$(PRODUCT_NAME)_kern_stop";
				OTHER_CPLUSPLUSFLAGS = "-Wno-inconsistent-missing-override";
				PRODUCT_BUNDLE_IDENTIFIER = com.bananz0.GramSMC;
				PRODUCT_NAME = "$(TARGET_NAME)";
				WRAPPER_EXTENSION = kext;
			};
			name = Release;
		};
		4C4FE6B22156A4730074AD08 /* Debug */ = {
			isa = XCBuildConfiguration;
			buildSettings = {
				CODE_SIGN_IDENTITY = "-";
				ARCHS = x86_64;
				ONLY_ACTIVE_ARCH = NO;
				CURRENT_PROJECT_VERSION = 1.5.1;
				DEAD_CODE_STRIPPING = YES;
				INFOPLIST_FILE = GramSMCDaemon/com.bananz0.GramSMCDaemon.plist;
				MACOSX_DEPLOYMENT_TARGET = 26.0;
				MARKETING_VERSION = 1.5.1;
				PRODUCT_NAME = "$(TARGET_NAME)";
			};
			name = Debug;
		};
		4C4FE6B32156A4730074AD08 /* Release */ = {
			isa = XCBuildConfiguration;
			buildSettings = {
				CODE_SIGN_IDENTITY = "-";
				ARCHS = x86_64;
				ONLY_ACTIVE_ARCH = NO;
				CURRENT_PROJECT_VERSION = 1.5.1;
				DEAD_CODE_STRIPPING = YES;
				INFOPLIST_FILE = GramSMCDaemon/com.bananz0.GramSMCDaemon.plist;
				MACOSX_DEPLOYMENT_TARGET = 26.0;
				MARKETING_VERSION = 1.5.1;
				PRODUCT_NAME = "$(TARGET_NAME)";
			};
			name = Release;
		};
/* End XCBuildConfiguration section */

/* Begin XCConfigurationList section */
		314E65732F08183100A79975 /* Build configuration list for PBXAggregateTarget "GramSMC All" */ = {
			isa = XCConfigurationList;
			buildConfigurations = (
				314E65712F08183100A79975 /* Debug */,
				314E65722F08183100A79975 /* Release */,
			);
			defaultConfigurationIsVisible = 0;
			defaultConfigurationName = Release;
		};
		31C2B37B2F06EC9300FC9E4C /* Build configuration list for PBXNativeTarget "GramControlCenter" */ = {
			isa = XCConfigurationList;
			buildConfigurations = (
				31C2B3792F06EC9200FC9E4C /* Debug */,
				31C2B37A2F06EC9200FC9E4C /* Release */,
			);
			defaultConfigurationIsVisible = 0;
			defaultConfigurationName = Release;
		};
		4C4FE61B2156A1690074AD08 /* Build configuration list for PBXProject "GramSMC" */ = {
			isa = XCConfigurationList;
			buildConfigurations = (
				4C4FE6292156A1690074AD08 /* Debug */,
				4C4FE62A2156A1690074AD08 /* Release */,
			);
			defaultConfigurationIsVisible = 0;
			defaultConfigurationName = Release;
		};
		4C4FE62B2156A1690074AD08 /* Build configuration list for PBXNativeTarget "GramSMC" */ = {
			isa = XCConfigurationList;
			buildConfigurations = (
				4C4FE62C2156A1690074AD08 /* Debug */,
				4C4FE62D2156A1690074AD08 /* Release */,
			);
			defaultConfigurationIsVisible = 0;
			defaultConfigurationName = Release;
		};
		4C4FE6B12156A4730074AD08 /* Build configuration list for PBXNativeTarget "GramSMCDaemon" */ = {
			isa = XCConfigurationList;
			buildConfigurations = (
				4C4FE6B22156A4730074AD08 /* Debug */,
				4C4FE6B32156A4730074AD08 /* Release */,
			);
			defaultConfigurationIsVisible = 0;
			defaultConfigurationName = Release;
		};
/* End XCConfigurationList section */
	};
	rootObject = 4C4FE6182156A1690074AD08 /* Project object */;
}
